
Microsoft Visual Studio Solution File, Format Version 12.00
# Visual Studio Version 16
VisualStudioVersion = 16.0.32929.386
MinimumVisualStudioVersion = 10.0.40219.1
Project("{FAE04EC0-301F-11D3-BF4B-00C04F79EFBC}") = "Изпииииит", "Изпииииит\Изпииииит.csproj", "{C54127CC-F548-4641-8EA4-01F8C7E2F792}"
EndProject
Global
	GlobalSection(SolutionConfigurationPlatforms) = preSolution
		Debug|Any CPU = Debug|Any CPU
		Release|Any CPU = Release|Any CPU
	EndGlobalSection
	GlobalSection(ProjectConfigurationPlatforms) = postSolution
		{C54127CC-F548-4641-8EA4-01F8C7E2F792}.Debug|Any CPU.ActiveCfg = Debug|Any CPU
		{C54127CC-F548-4641-8EA4-01F8C7E2F792}.Debug|Any CPU.Build.0 = Debug|Any CPU
		{C54127CC-F548-4641-8EA4-01F8C7E2F792}.Release|Any CPU.ActiveCfg = Release|Any CPU
		{C54127CC-F548-4641-8EA4-01F8C7E2F792}.Release|Any CPU.Build.0 = Release|Any CPU
	EndGlobalSection
	GlobalSection(SolutionProperties) = preSolution
		HideSolutionNode = FALSE
	EndGlobalSection
	GlobalSection(ExtensibilityGlobals) = postSolution
		SolutionGuid = {3C6BB11D-451B-4F29-9108-A986178E9D69}
	EndGlobalSection
EndGlobal
