
Microsoft Visual Studio Solution File, Format Version 12.00
# Visual Studio Version 16
VisualStudioVersion = 16.0.32929.386
MinimumVisualStudioVersion = 10.0.40219.1
Project("{FAE04EC0-301F-11D3-BF4B-00C04F79EFBC}") = "Uprajnenie", "Uprajnenie\Uprajnenie.csproj", "{389D08E4-6DD5-4471-83ED-25569B04A87C}"
EndProject
Global
	GlobalSection(SolutionConfigurationPlatforms) = preSolution
		Debug|Any CPU = Debug|Any CPU
		Release|Any CPU = Release|Any CPU
	EndGlobalSection
	GlobalSection(ProjectConfigurationPlatforms) = postSolution
		{389D08E4-6DD5-4471-83ED-25569B04A87C}.Debug|Any CPU.ActiveCfg = Debug|Any CPU
		{389D08E4-6DD5-4471-83ED-25569B04A87C}.Debug|Any CPU.Build.0 = Debug|Any CPU
		{389D08E4-6DD5-4471-83ED-25569B04A87C}.Release|Any CPU.ActiveCfg = Release|Any CPU
		{389D08E4-6DD5-4471-83ED-25569B04A87C}.Release|Any CPU.Build.0 = Release|Any CPU
	EndGlobalSection
	GlobalSection(SolutionProperties) = preSolution
		HideSolutionNode = FALSE
	EndGlobalSection
	GlobalSection(ExtensibilityGlobals) = postSolution
		SolutionGuid = {31819FBC-8522-4C44-BC27-EEDE46FED2A6}
	EndGlobalSection
EndGlobal
