
Microsoft Visual Studio Solution File, Format Version 12.00
# Visual Studio Version 16
VisualStudioVersion = 16.0.32929.386
MinimumVisualStudioVersion = 10.0.40219.1
Project("{FAE04EC0-301F-11D3-BF4B-00C04F79EFBC}") = "Упражнение - Първи стъпки в програмирането", "Упражнение - Първи стъпки в програмирането\Упражнение - Първи стъпки в програмирането.csproj", "{AB010BF4-BE35-4AE3-8565-EA3280E3160B}"
EndProject
Global
	GlobalSection(SolutionConfigurationPlatforms) = preSolution
		Debug|Any CPU = Debug|Any CPU
		Release|Any CPU = Release|Any CPU
	EndGlobalSection
	GlobalSection(ProjectConfigurationPlatforms) = postSolution
		{AB010BF4-BE35-4AE3-8565-EA3280E3160B}.Debug|Any CPU.ActiveCfg = Debug|Any CPU
		{AB010BF4-BE35-4AE3-8565-EA3280E3160B}.Debug|Any CPU.Build.0 = Debug|Any CPU
		{AB010BF4-BE35-4AE3-8565-EA3280E3160B}.Release|Any CPU.ActiveCfg = Release|Any CPU
		{AB010BF4-BE35-4AE3-8565-EA3280E3160B}.Release|Any CPU.Build.0 = Release|Any CPU
	EndGlobalSection
	GlobalSection(SolutionProperties) = preSolution
		HideSolutionNode = FALSE
	EndGlobalSection
	GlobalSection(ExtensibilityGlobals) = postSolution
		SolutionGuid = {4805C751-9017-4BC0-8AA2-08B7FC4E843A}
	EndGlobalSection
EndGlobal
